
Microsoft Visual Studio Solution File, Format Version 12.00
# Visual Studio Version 16
VisualStudioVersion = 16.0.31205.134
MinimumVisualStudioVersion = 10.0.40219.1
Project("{FAE04EC0-301F-11D3-BF4B-00C04F79EFBC}") = "RetrievingData", "RetrievingData\RetrievingData.csproj", "{D20BD5BD-D555-4F49-A324-225890BB69B5}"
EndProject
Global
	GlobalSection(SolutionConfigurationPlatforms) = preSolution
		Debug|Any CPU = Debug|Any CPU
		Release|Any CPU = Release|Any CPU
	EndGlobalSection
	GlobalSection(ProjectConfigurationPlatforms) = postSolution
		{D20BD5BD-D555-4F49-A324-225890BB69B5}.Debug|Any CPU.ActiveCfg = Debug|Any CPU
		{D20BD5BD-D555-4F49-A324-225890BB69B5}.Debug|Any CPU.Build.0 = Debug|Any CPU
		{D20BD5BD-D555-4F49-A324-225890BB69B5}.Release|Any CPU.ActiveCfg = Release|Any CPU
		{D20BD5BD-D555-4F49-A324-225890BB69B5}.Release|Any CPU.Build.0 = Release|Any CPU
	EndGlobalSection
	GlobalSection(SolutionProperties) = preSolution
		HideSolutionNode = FALSE
	EndGlobalSection
	GlobalSection(ExtensibilityGlobals) = postSolution
		SolutionGuid = {A0D62B77-9AF2-4C0C-BE86-6FE7744140A0}
	EndGlobalSection
EndGlobal
